
Microsoft Visual Studio Solution File, Format Version 12.00
Project("{FAE04EC0-301F-11D3-BF4B-00C04F79EFBC}") = "MeasurementTool", "MeasurementTool\MeasurementTool\MeasurementTool.csproj", "{7517C69A-7251-4777-9783-038D1DA23B26}"
EndProject
Project("{FAE04EC0-301F-11D3-BF4B-00C04F79EFBC}") = "MeasurementTool.Android", "MeasurementTool\MeasurementTool.Android\MeasurementTool.Android.csproj", "{DD8AFBCF-4D6F-4A50-807C-A72270AE49D0}"
EndProject
Project("{FAE04EC0-301F-11D3-BF4B-00C04F79EFBC}") = "MeasurementTool.Desktop", "MeasurementTool\MeasurementTool.Desktop\MeasurementTool.Desktop.csproj", "{51085364-6E27-429C-A441-37CD6B391F60}"
EndProject
Project("{FAE04EC0-301F-11D3-BF4B-00C04F79EFBC}") = "MeasurementTool.iOS", "MeasurementTool\MeasurementTool.iOS\MeasurementTool.iOS.csproj", "{9B6BCCCD-F788-43BD-88EA-DA7776674B72}"
EndProject
Global
	GlobalSection(SolutionConfigurationPlatforms) = preSolution
		Debug|Any CPU = Debug|Any CPU
		Release|Any CPU = Release|Any CPU
	EndGlobalSection
	GlobalSection(ProjectConfigurationPlatforms) = postSolution
		{7517C69A-7251-4777-9783-038D1DA23B26}.Debug|Any CPU.ActiveCfg = Debug|Any CPU
		{7517C69A-7251-4777-9783-038D1DA23B26}.Debug|Any CPU.Build.0 = Debug|Any CPU
		{7517C69A-7251-4777-9783-038D1DA23B26}.Release|Any CPU.ActiveCfg = Release|Any CPU
		{7517C69A-7251-4777-9783-038D1DA23B26}.Release|Any CPU.Build.0 = Release|Any CPU
		{DD8AFBCF-4D6F-4A50-807C-A72270AE49D0}.Debug|Any CPU.ActiveCfg = Debug|Any CPU
		{DD8AFBCF-4D6F-4A50-807C-A72270AE49D0}.Debug|Any CPU.Build.0 = Debug|Any CPU
		{DD8AFBCF-4D6F-4A50-807C-A72270AE49D0}.Debug|Any CPU.Deploy.0 = Debug|Any CPU
		{DD8AFBCF-4D6F-4A50-807C-A72270AE49D0}.Release|Any CPU.ActiveCfg = Release|Any CPU
		{DD8AFBCF-4D6F-4A50-807C-A72270AE49D0}.Release|Any CPU.Build.0 = Release|Any CPU
		{DD8AFBCF-4D6F-4A50-807C-A72270AE49D0}.Release|Any CPU.Deploy.0 = Release|Any CPU
		{51085364-6E27-429C-A441-37CD6B391F60}.Debug|Any CPU.ActiveCfg = Debug|Any CPU
		{51085364-6E27-429C-A441-37CD6B391F60}.Debug|Any CPU.Build.0 = Debug|Any CPU
		{51085364-6E27-429C-A441-37CD6B391F60}.Release|Any CPU.ActiveCfg = Release|Any CPU
		{51085364-6E27-429C-A441-37CD6B391F60}.Release|Any CPU.Build.0 = Release|Any CPU
		{9B6BCCCD-F788-43BD-88EA-DA7776674B72}.Debug|Any CPU.ActiveCfg = Debug|Any CPU
		{9B6BCCCD-F788-43BD-88EA-DA7776674B72}.Debug|Any CPU.Build.0 = Debug|Any CPU
		{9B6BCCCD-F788-43BD-88EA-DA7776674B72}.Debug|Any CPU.Deploy.0 = Debug|Any CPU
		{9B6BCCCD-F788-43BD-88EA-DA7776674B72}.Release|Any CPU.ActiveCfg = Release|Any CPU
		{9B6BCCCD-F788-43BD-88EA-DA7776674B72}.Release|Any CPU.Build.0 = Release|Any CPU
		{9B6BCCCD-F788-43BD-88EA-DA7776674B72}.Release|Any CPU.Deploy.0 = Release|Any CPU
	EndGlobalSection
EndGlobal
