#MicroXplorer Configuration settings - do not modify
File.Version=6
I2C1.I2C_Speed_Mode=I2C_Fast
I2C1.IPParameters=I2C_Speed_Mode,Timing
I2C1.Timing=0x0000020B
KeepUserPlacement=false
Mcu.Family=STM32F0
Mcu.IP0=ADC
Mcu.IP1=I2C1
Mcu.IP2=NVIC
Mcu.IP3=RCC
Mcu.IP4=SYS
Mcu.IP5=TIM14
Mcu.IP6=TIM16
Mcu.IPNb=7
Mcu.Name=STM32F030F4Px
Mcu.Package=TSSOP20
Mcu.Pin0=PF0-OSC_IN
Mcu.Pin1=PA0
Mcu.Pin2=PA4
Mcu.Pin3=PA9
Mcu.Pin4=PA10
Mcu.Pin5=PA13
Mcu.Pin6=PA14
Mcu.Pin7=VP_SYS_VS_Systick
Mcu.Pin8=VP_TIM14_VS_ClockSourceINT
Mcu.Pin9=VP_TIM16_VS_ClockSourceINT
Mcu.PinsNb=10
Mcu.ThirdPartyNb=0
Mcu.UserConstants=
Mcu.UserName=STM32F030F4Px
MxCube.Version=5.1.0
MxDb.Version=DB.5.0.10
NVIC.HardFault_IRQn=true\:0\:0\:false\:false\:true\:false\:false
NVIC.NonMaskableInt_IRQn=true\:0\:0\:false\:false\:true\:false\:false
NVIC.PendSV_IRQn=true\:0\:0\:false\:false\:true\:false\:false
NVIC.SVC_IRQn=true\:0\:0\:false\:false\:true\:false\:false
NVIC.SysTick_IRQn=true\:0\:0\:false\:false\:true\:false\:true
NVIC.TIM16_IRQn=true\:0\:0\:false\:false\:true\:true\:true
PA0.Locked=true
PA0.Mode=IN0
PA0.Signal=ADC_IN0
PA10.Locked=true
PA10.Mode=I2C
PA10.Signal=I2C1_SDA
PA13.Mode=Serial_Wire
PA13.Signal=SYS_SWDIO
PA14.Locked=true
PA14.Mode=Serial_Wire
PA14.Signal=SYS_SWCLK
PA4.Locked=true
PA4.Signal=S_TIM14_CH1
PA9.Locked=true
PA9.Mode=I2C
PA9.Signal=I2C1_SCL
PCC.Checker=false
PCC.Line=STM32F0x0 Value Line
PCC.MCU=STM32F030F4Px
PCC.PartNumber=STM32F030F4Px
PCC.Seq0=0
PCC.Series=STM32F0
PCC.Temperature=25
PCC.Vdd=3.6
PF0-OSC_IN.GPIOParameters=GPIO_PuPd
PF0-OSC_IN.GPIO_PuPd=GPIO_PULLUP
PF0-OSC_IN.Locked=true
PF0-OSC_IN.Signal=GPIO_Input
PinOutPanel.RotationAngle=0
ProjectManager.AskForMigrate=true
ProjectManager.BackupPrevious=false
ProjectManager.CompilerOptimize=6
ProjectManager.ComputerToolchain=false
ProjectManager.CoupleFile=false
ProjectManager.CustomerFirmwarePackage=
ProjectManager.DefaultFWLocation=true
ProjectManager.DeletePrevious=true
ProjectManager.DeviceId=STM32F030F4Px
ProjectManager.FirmwarePackage=STM32Cube FW_F0 V1.9.0
ProjectManager.FreePins=false
ProjectManager.HalAssertFull=false
ProjectManager.HeapSize=0x000
ProjectManager.KeepUserCode=true
ProjectManager.LastFirmware=true
ProjectManager.LibraryCopy=0
ProjectManager.MainLocation=Src
ProjectManager.NoMain=false
ProjectManager.PreviousToolchain=
ProjectManager.ProjectBuild=false
ProjectManager.ProjectFileName=ESR_Meter.ioc
ProjectManager.ProjectName=ESR_Meter
ProjectManager.StackSize=0x200
ProjectManager.TargetToolchain=MDK-ARM V5
ProjectManager.ToolChainLocation=
ProjectManager.UnderRoot=false
ProjectManager.functionlistsort=1-MX_GPIO_Init-GPIO-false-HAL-true,2-SystemClock_Config-RCC-false-HAL-false,3-MX_ADC_Init-ADC-false-HAL-true,4-MX_I2C1_Init-I2C1-false-HAL-true,5-MX_TIM14_Init-TIM14-false-HAL-true,6-MX_TIM16_Init-TIM16-false-HAL-true
RCC.AHBFreq_Value=8000000
RCC.APB1Freq_Value=8000000
RCC.APB1TimFreq_Value=8000000
RCC.FCLKCortexFreq_Value=8000000
RCC.FamilyName=M
RCC.HCLKFreq_Value=8000000
RCC.IPParameters=AHBFreq_Value,APB1Freq_Value,APB1TimFreq_Value,FCLKCortexFreq_Value,FamilyName,HCLKFreq_Value,PLLCLKFreq_Value,SYSCLKFreq_VALUE,TimSysFreq_Value,USART1Freq_Value
RCC.PLLCLKFreq_Value=8000000
RCC.SYSCLKFreq_VALUE=8000000
RCC.TimSysFreq_Value=8000000
RCC.USART1Freq_Value=8000000
SH.S_TIM14_CH1.0=TIM14_CH1,PWM Generation1 CH1
SH.S_TIM14_CH1.ConfNb=1
TIM14.AutoReloadPreload=TIM_AUTORELOAD_PRELOAD_ENABLE
TIM14.Channel=TIM_CHANNEL_1
TIM14.IPParameters=Channel,Period,AutoReloadPreload,Pulse
TIM14.Period=80
TIM14.Pulse=40
TIM16.IPParameters=Prescaler,Period
TIM16.Period=62500
TIM16.Prescaler=32
VP_SYS_VS_Systick.Mode=SysTick
VP_SYS_VS_Systick.Signal=SYS_VS_Systick
VP_TIM14_VS_ClockSourceINT.Mode=Enable_Timer
VP_TIM14_VS_ClockSourceINT.Signal=TIM14_VS_ClockSourceINT
VP_TIM16_VS_ClockSourceINT.Mode=Enable_Timer
VP_TIM16_VS_ClockSourceINT.Signal=TIM16_VS_ClockSourceINT
board=custom
